{
  "name": "test-turbo",
  "version": "1.0.0",
  "lockfileVersion": 3,
  "requires": true,
  "packages": {
    "": {
      "name": "test-turbo",
      "version": "1.0.0",
      "license": "ISC",
      "workspaces": [
        "packages/*"
      ],
      "devDependencies": {
        "turbo": "^2.4.5-canary.6"
      }
    },
    "node_modules/@scoped/package-b": {
      "resolved": "packages/package-b",
      "link": true
    },
    "node_modules/package-a": {
      "resolved": "packages/package-a",
      "link": true
    },
    "node_modules/turbo": {
      "version": "2.4.5-canary.6",
      "resolved": "https://registry.npmjs.org/turbo/-/turbo-2.4.5-canary.6.tgz",
      "integrity": "sha512-6N3vGhdX/PS2IL7d+RBKtWFFJzvSOjSFiYdAhFHEKmA9J5oToCBByNWC1ksVbGPRyH3nOQryiLZy6RzH68170Q==",
      "dev": true,
      "license": "MIT",
      "bin": {
        "turbo": "bin/turbo"
      },
      "optionalDependencies": {
        "turbo-darwin-64": "2.4.5-canary.6",
        "turbo-darwin-arm64": "2.4.5-canary.6",
        "turbo-linux-64": "2.4.5-canary.6",
        "turbo-linux-arm64": "2.4.5-canary.6",
        "turbo-windows-64": "2.4.5-canary.6",
        "turbo-windows-arm64": "2.4.5-canary.6"
      }
    },
    "node_modules/turbo-darwin-64": {
      "version": "2.4.5-canary.6",
      "resolved": "https://registry.npmjs.org/turbo-darwin-64/-/turbo-darwin-64-2.4.5-canary.6.tgz",
      "integrity": "sha512-YOY0b/50qxFQttG7oX1hvy/BjeEWeTrexDUUNt5nubR1ZRcWM+RKYGjw6l0M8pmQiEHbI95aP2Hvadx6bYd6Lw==",
      "cpu": [
        "x64"
      ],
      "dev": true,
      "license": "MIT",
      "optional": true,
      "os": [
        "darwin"
      ]
    },
    "node_modules/turbo-darwin-arm64": {
      "version": "2.4.5-canary.6",
      "resolved": "https://registry.npmjs.org/turbo-darwin-arm64/-/turbo-darwin-arm64-2.4.5-canary.6.tgz",
      "integrity": "sha512-wnqJ7CD17UL8LN+QH+MqECMbfZfZWA7n2+g287YY2yBAYcaf2XctBOt1T2HiiQPTfuicyLQfHsAs6iy+AeRzXA==",
      "cpu": [
        "arm64"
      ],
      "dev": true,
      "license": "MIT",
      "optional": true,
      "os": [
        "darwin"
      ]
    },
    "node_modules/turbo-linux-64": {
      "version": "2.4.5-canary.6",
      "resolved": "https://registry.npmjs.org/turbo-linux-64/-/turbo-linux-64-2.4.5-canary.6.tgz",
      "integrity": "sha512-i2iRDNrAi1hq+8P5rGg5xLSyVppLEwn6CkfrKebvQ/+DrrwGELzTHbJfcu5nJaAB8h7C/06WTkTbH37/HcOFww==",
      "cpu": [
        "x64"
      ],
      "dev": true,
      "license": "MIT",
      "optional": true,
      "os": [
        "linux"
      ]
    },
    "node_modules/turbo-linux-arm64": {
      "version": "2.4.5-canary.6",
      "resolved": "https://registry.npmjs.org/turbo-linux-arm64/-/turbo-linux-arm64-2.4.5-canary.6.tgz",
      "integrity": "sha512-Wi8DrO9j8F/wL8+qHhXVs4OCMv4v4wuUKe7PvoEy+grUr7ir3D9v6Jv0WTsFNmjj41VzNf93brklXlFuBzgQUA==",
      "cpu": [
        "arm64"
      ],
      "dev": true,
      "license": "MIT",
      "optional": true,
      "os": [
        "linux"
      ]
    },
    "node_modules/turbo-windows-64": {
      "version": "2.4.5-canary.6",
      "resolved": "https://registry.npmjs.org/turbo-windows-64/-/turbo-windows-64-2.4.5-canary.6.tgz",
      "integrity": "sha512-sj/6ReDcCOsi5xt//Ga+ZC+skTMR6PoY9S85TuKvWcyWJAlNgjIsRXFnuLSZe6hWnWh2FtEapwvCp18cEzAayw==",
      "cpu": [
        "x64"
      ],
      "dev": true,
      "license": "MIT",
      "optional": true,
      "os": [
        "win32"
      ]
    },
    "node_modules/turbo-windows-arm64": {
      "version": "2.4.5-canary.6",
      "resolved": "https://registry.npmjs.org/turbo-windows-arm64/-/turbo-windows-arm64-2.4.5-canary.6.tgz",
      "integrity": "sha512-D+zSLmrOw931ftJmouLCtmY8imxs28i/vFfXAAW+jfM1n6XV+z3xdR6gd2KxP4Vf17OYZSvIsiRStdBZvL9ZNg==",
      "cpu": [
        "arm64"
      ],
      "dev": true,
      "license": "MIT",
      "optional": true,
      "os": [
        "win32"
      ]
    },
    "packages/package-a": {
      "version": "1.0.0",
      "license": "ISC"
    },
    "packages/package-b": {
      "name": "@scoped/package-b",
      "version": "1.0.0",
      "license": "ISC"
    }
  }
}
